
Microsoft Visual Studio Solution File, Format Version 12.00
# Visual Studio Version 17
VisualStudioVersion = 17.4.33213.308
MinimumVisualStudioVersion = 10.0.40219.1
Project("{FAE04EC0-301F-11D3-BF4B-00C04F79EFBC}") = "S23Project", "S23Project\S23Project.csproj", "{3DC4CA6C-07AD-4215-868A-46D60BD31282}"
EndProject
Global
	GlobalSection(SolutionConfigurationPlatforms) = preSolution
		Debug|Any CPU = Debug|Any CPU
		Release|Any CPU = Release|Any CPU
	EndGlobalSection
	GlobalSection(ProjectConfigurationPlatforms) = postSolution
		{3DC4CA6C-07AD-4215-868A-46D60BD31282}.Debug|Any CPU.ActiveCfg = Debug|Any CPU
		{3DC4CA6C-07AD-4215-868A-46D60BD31282}.Debug|Any CPU.Build.0 = Debug|Any CPU
		{3DC4CA6C-07AD-4215-868A-46D60BD31282}.Release|Any CPU.ActiveCfg = Release|Any CPU
		{3DC4CA6C-07AD-4215-868A-46D60BD31282}.Release|Any CPU.Build.0 = Release|Any CPU
	EndGlobalSection
	GlobalSection(SolutionProperties) = preSolution
		HideSolutionNode = FALSE
	EndGlobalSection
	GlobalSection(ExtensibilityGlobals) = postSolution
		SolutionGuid = {7C0ACC5A-D4F8-4B44-9168-186DE8D20605}
	EndGlobalSection
EndGlobal
